
Microsoft Visual Studio Solution File, Format Version 12.00
# Visual Studio Version 16
VisualStudioVersion = 16.0.32228.343
MinimumVisualStudioVersion = 10.0.40219.1
Project("{8BC9CEB8-8B4A-11D0-8D11-00A0C91BC942}") = "2.3", "2.3\2.3.vcxproj", "{90B20E36-39F2-4FE7-8A6B-6D81376286A9}"
EndProject
Project("{8BC9CEB8-8B4A-11D0-8D11-00A0C91BC942}") = "UnitTest8", "UnitTest8\UnitTest8.vcxproj", "{CB087736-8EC9-4688-913C-573C27B040D7}"
EndProject
Global
	GlobalSection(SolutionConfigurationPlatforms) = preSolution
		Debug|x64 = Debug|x64
		Debug|x86 = Debug|x86
		Release|x64 = Release|x64
		Release|x86 = Release|x86
	EndGlobalSection
	GlobalSection(ProjectConfigurationPlatforms) = postSolution
		{90B20E36-39F2-4FE7-8A6B-6D81376286A9}.Debug|x64.ActiveCfg = Debug|x64
		{90B20E36-39F2-4FE7-8A6B-6D81376286A9}.Debug|x64.Build.0 = Debug|x64
		{90B20E36-39F2-4FE7-8A6B-6D81376286A9}.Debug|x86.ActiveCfg = Debug|Win32
		{90B20E36-39F2-4FE7-8A6B-6D81376286A9}.Debug|x86.Build.0 = Debug|Win32
		{90B20E36-39F2-4FE7-8A6B-6D81376286A9}.Release|x64.ActiveCfg = Release|x64
		{90B20E36-39F2-4FE7-8A6B-6D81376286A9}.Release|x64.Build.0 = Release|x64
		{90B20E36-39F2-4FE7-8A6B-6D81376286A9}.Release|x86.ActiveCfg = Release|Win32
		{90B20E36-39F2-4FE7-8A6B-6D81376286A9}.Release|x86.Build.0 = Release|Win32
		{CB087736-8EC9-4688-913C-573C27B040D7}.Debug|x64.ActiveCfg = Debug|x64
		{CB087736-8EC9-4688-913C-573C27B040D7}.Debug|x64.Build.0 = Debug|x64
		{CB087736-8EC9-4688-913C-573C27B040D7}.Debug|x86.ActiveCfg = Debug|Win32
		{CB087736-8EC9-4688-913C-573C27B040D7}.Debug|x86.Build.0 = Debug|Win32
		{CB087736-8EC9-4688-913C-573C27B040D7}.Release|x64.ActiveCfg = Release|x64
		{CB087736-8EC9-4688-913C-573C27B040D7}.Release|x64.Build.0 = Release|x64
		{CB087736-8EC9-4688-913C-573C27B040D7}.Release|x86.ActiveCfg = Release|Win32
		{CB087736-8EC9-4688-913C-573C27B040D7}.Release|x86.Build.0 = Release|Win32
	EndGlobalSection
	GlobalSection(SolutionProperties) = preSolution
		HideSolutionNode = FALSE
	EndGlobalSection
	GlobalSection(ExtensibilityGlobals) = postSolution
		SolutionGuid = {ABD17733-B8B9-4F1B-B688-3C4458823C99}
	EndGlobalSection
EndGlobal
